<?xml version="1.0" encoding="utf-8"?>
<Project ToolsVersion="4.0" xmlns="http://schemas.microsoft.com/developer/msbuild/2003">
  <ItemGroup>
    <Filter Include="Source Files">
      <UniqueIdentifier>{4FC737F1-C7A5-4376-A066-2A32D752A2FF}</UniqueIdentifier>
      <Extensions>cpp;c;cc;cxx;def;odl;idl;hpj;bat;asm;asmx</Extensions>
    </Filter>
    <Filter Include="Header Files">
      <UniqueIdentifier>{93995380-89BD-4b04-88EB-625FBE52EBFB}</UniqueIdentifier>
      <Extensions>h;hh;hpp;hxx;hm;inl;inc;ipp;xsd</Extensions>
    </Filter>
    <Filter Include="Resource Files">
      <UniqueIdentifier>{67DA6AB6-F800-4c08-8B7A-83BB121AAD01}</UniqueIdentifier>
      <Extensions>rc;ico;cur;bmp;dlg;rc2;rct;bin;rgs;gif;jpg;jpeg;jpe;resx;tiff;tif;png;wav;mfcribbon-ms</Extensions>
    </Filter>
    <Filter Include="import">
      <UniqueIdentifier>{d24c1f4f-2757-489d-a9c9-919008daa216}</UniqueIdentifier>
    </Filter>
    <Filter Include="import\noizu_trie">
      <UniqueIdentifier>{f7542135-64ec-480f-b987-acb6faef3b0a}</UniqueIdentifier>
    </Filter>
    <Filter Include="Unity">
      <UniqueIdentifier>{9f587c13-4ae8-4c6e-9c0c-360025aebe93}</UniqueIdentifier>
    </Filter>
    <Filter Include="Test Suite">
      <UniqueIdentifier>{9e74e85d-060c-48de-b339-feccf837fbc6}</UniqueIdentifier>
    </Filter>
    <Filter Include="Unity\fixture">
      <UniqueIdentifier>{d5f58273-464a-48fc-b23c-8ba4ae191eb6}</UniqueIdentifier>
    </Filter>
    <Filter Include="Unity\memory">
      <UniqueIdentifier>{91ca611f-8953-419f-ba9e-62b7b27c5a30}</UniqueIdentifier>
    </Filter>
    <Filter Include="Test Suite\StreamingParser">
      <UniqueIdentifier>{2f3c9937-c42d-4f9d-b7cf-eb5c5502a3e4}</UniqueIdentifier>
    </Filter>
    <Filter Include="Test Suite\StreamingParser\support">
      <UniqueIdentifier>{fbbbcfdf-a256-4df8-b7cc-f6898ff0b885}</UniqueIdentifier>
    </Filter>
    <Filter Include="import\noizu_trie\trie_array">
      <UniqueIdentifier>{6a825acc-42af-4207-9b96-f87a50ce6e5e}</UniqueIdentifier>
    </Filter>
    <Filter Include="import\noizu_trie\trie_compact">
      <UniqueIdentifier>{d2d977bd-a8b8-4813-a7ad-6ddaec6c2bd4}</UniqueIdentifier>
    </Filter>
    <Filter Include="import\noizu_trie\trie_struct">
      <UniqueIdentifier>{0bef4689-f982-445e-9419-a77b812b4b3a}</UniqueIdentifier>
    </Filter>
  </ItemGroup>
  <ItemGroup>
    <ClInclude Include="streaming-parser.h">
      <Filter>import</Filter>
    </ClInclude>
    <ClInclude Include="Unity\src\unity.h">
      <Filter>Unity</Filter>
    </ClInclude>
    <ClInclude Include="Unity\src\unity_internals.h">
      <Filter>Unity</Filter>
    </ClInclude>
    <ClInclude Include="Unity\extras\fixture\src\unity_fixture.h">
      <Filter>Unity\fixture</Filter>
    </ClInclude>
    <ClInclude Include="Unity\extras\fixture\src\unity_fixture_internals.h">
      <Filter>Unity\fixture</Filter>
    </ClInclude>
    <ClInclude Include="Unity\extras\memory\src\unity_memory.h">
      <Filter>Unity\memory</Filter>
    </ClInclude>
    <ClInclude Include="Test Suite\streaming-parser-suite\support\array_trie.h">
      <Filter>Test Suite\StreamingParser\support</Filter>
    </ClInclude>
    <ClInclude Include="noizu_trie\trie_array\noizu_trie_a.h">
      <Filter>import\noizu_trie\trie_array</Filter>
    </ClInclude>
    <ClInclude Include="noizu_trie\trie_compact\noizu_trie_c.h">
      <Filter>import\noizu_trie\trie_compact</Filter>
    </ClInclude>
    <ClInclude Include="noizu_trie\trie_struct\noizu_trie_s.h">
      <Filter>import\noizu_trie\trie_struct</Filter>
    </ClInclude>
    <ClInclude Include="noizu_trie\noizu_trie.h">
      <Filter>import\noizu_trie</Filter>
    </ClInclude>
  </ItemGroup>
  <ItemGroup>
    <ClCompile Include="main.c">
      <Filter>Source Files</Filter>
    </ClCompile>
    <ClCompile Include="streaming-parser.c">
      <Filter>import</Filter>
    </ClCompile>
    <ClCompile Include="Unity\src\unity.c">
      <Filter>Unity</Filter>
    </ClCompile>
    <ClCompile Include="Test Suite\suite.c">
      <Filter>Test Suite</Filter>
    </ClCompile>
    <ClCompile Include="Unity\extras\fixture\src\unity_fixture.c">
      <Filter>Unity\fixture</Filter>
    </ClCompile>
    <ClCompile Include="Unity\extras\memory\src\unity_memory.c">
      <Filter>Unity\memory</Filter>
    </ClCompile>
    <ClCompile Include="Test Suite\TestStreamingParser_Runner.c">
      <Filter>Test Suite</Filter>
    </ClCompile>
    <ClCompile Include="Test Suite\streaming-parser-suite\TestStreamingParser.c">
      <Filter>Test Suite\StreamingParser</Filter>
    </ClCompile>
    <ClCompile Include="Test Suite\streaming-parser-suite\support\array_trie.c">
      <Filter>Test Suite\StreamingParser\support</Filter>
    </ClCompile>
    <ClCompile Include="noizu_trie\trie_array\noizu_trie_a.c">
      <Filter>import\noizu_trie\trie_array</Filter>
    </ClCompile>
    <ClCompile Include="noizu_trie\trie_compact\noizu_trie_c.c">
      <Filter>import\noizu_trie\trie_compact</Filter>
    </ClCompile>
    <ClCompile Include="noizu_trie\trie_struct\noizu_trie_s.c">
      <Filter>import\noizu_trie\trie_struct</Filter>
    </ClCompile>
    <ClCompile Include="noizu_trie\noitu_trie.c">
      <Filter>import\noizu_trie</Filter>
    </ClCompile>
  </ItemGroup>
  <ItemGroup>
    <None Include="noizu_trie\LICENSE">
      <Filter>import\noizu_trie</Filter>
    </None>
  </ItemGroup>
</Project>